
Microsoft Visual Studio Solution File, Format Version 12.00
# Visual Studio Version 16
VisualStudioVersion = 16.0.31410.357
MinimumVisualStudioVersion = 10.0.40219.1
Project("{FAE04EC0-301F-11D3-BF4B-00C04F79EFBC}") = "less3Ex3", "less3Ex3\less3Ex3.csproj", "{B446227C-465A-4C2F-A19D-985BE64689B2}"
EndProject
Global
	GlobalSection(SolutionConfigurationPlatforms) = preSolution
		Debug|Any CPU = Debug|Any CPU
		Release|Any CPU = Release|Any CPU
	EndGlobalSection
	GlobalSection(ProjectConfigurationPlatforms) = postSolution
		{B446227C-465A-4C2F-A19D-985BE64689B2}.Debug|Any CPU.ActiveCfg = Debug|Any CPU
		{B446227C-465A-4C2F-A19D-985BE64689B2}.Debug|Any CPU.Build.0 = Debug|Any CPU
		{B446227C-465A-4C2F-A19D-985BE64689B2}.Release|Any CPU.ActiveCfg = Release|Any CPU
		{B446227C-465A-4C2F-A19D-985BE64689B2}.Release|Any CPU.Build.0 = Release|Any CPU
	EndGlobalSection
	GlobalSection(SolutionProperties) = preSolution
		HideSolutionNode = FALSE
	EndGlobalSection
	GlobalSection(ExtensibilityGlobals) = postSolution
		SolutionGuid = {2BD9E527-CFF1-44E8-9BD3-6FD9A3DBB6EA}
	EndGlobalSection
EndGlobal
