
Microsoft Visual Studio Solution File, Format Version 12.00
# Visual Studio Version 17
VisualStudioVersion = 17.0.31410.414
MinimumVisualStudioVersion = 10.0.40219.1
Project("{FAE04EC0-301F-11D3-BF4B-00C04F79EFBC}") = "less6Ex1", "less6Ex1\less6Ex1.csproj", "{5FD31BEB-3CDD-4348-B3B0-181DD72D612B}"
EndProject
Global
	GlobalSection(SolutionConfigurationPlatforms) = preSolution
		Debug|Any CPU = Debug|Any CPU
		Release|Any CPU = Release|Any CPU
	EndGlobalSection
	GlobalSection(ProjectConfigurationPlatforms) = postSolution
		{5FD31BEB-3CDD-4348-B3B0-181DD72D612B}.Debug|Any CPU.ActiveCfg = Debug|Any CPU
		{5FD31BEB-3CDD-4348-B3B0-181DD72D612B}.Debug|Any CPU.Build.0 = Debug|Any CPU
		{5FD31BEB-3CDD-4348-B3B0-181DD72D612B}.Release|Any CPU.ActiveCfg = Release|Any CPU
		{5FD31BEB-3CDD-4348-B3B0-181DD72D612B}.Release|Any CPU.Build.0 = Release|Any CPU
	EndGlobalSection
	GlobalSection(SolutionProperties) = preSolution
		HideSolutionNode = FALSE
	EndGlobalSection
	GlobalSection(ExtensibilityGlobals) = postSolution
		SolutionGuid = {822D36CB-815A-4B2A-8FFE-46492EA3445D}
	EndGlobalSection
EndGlobal
