
Microsoft Visual Studio Solution File, Format Version 12.00
# Visual Studio Version 16
VisualStudioVersion = 16.0.31402.337
MinimumVisualStudioVersion = 10.0.40219.1
Project("{FAE04EC0-301F-11D3-BF4B-00C04F79EFBC}") = "less2Ex1", "less2Ex1\less2Ex1.csproj", "{A770F02E-8128-49C7-B2E0-32033549CAE3}"
EndProject
Global
	GlobalSection(SolutionConfigurationPlatforms) = preSolution
		Debug|Any CPU = Debug|Any CPU
		Release|Any CPU = Release|Any CPU
	EndGlobalSection
	GlobalSection(ProjectConfigurationPlatforms) = postSolution
		{A770F02E-8128-49C7-B2E0-32033549CAE3}.Debug|Any CPU.ActiveCfg = Debug|Any CPU
		{A770F02E-8128-49C7-B2E0-32033549CAE3}.Debug|Any CPU.Build.0 = Debug|Any CPU
		{A770F02E-8128-49C7-B2E0-32033549CAE3}.Release|Any CPU.ActiveCfg = Release|Any CPU
		{A770F02E-8128-49C7-B2E0-32033549CAE3}.Release|Any CPU.Build.0 = Release|Any CPU
	EndGlobalSection
	GlobalSection(SolutionProperties) = preSolution
		HideSolutionNode = FALSE
	EndGlobalSection
	GlobalSection(ExtensibilityGlobals) = postSolution
		SolutionGuid = {70D1B9D0-4851-4D10-97FA-18C538173298}
	EndGlobalSection
EndGlobal
