
Microsoft Visual Studio Solution File, Format Version 12.00
# Visual Studio Version 17
VisualStudioVersion = 17.0.31410.414
MinimumVisualStudioVersion = 10.0.40219.1
Project("{FAE04EC0-301F-11D3-BF4B-00C04F79EFBC}") = "less5Ex3", "less5Ex3\less5Ex3.csproj", "{1359167A-B681-40F6-9C9E-27B92CA6DCC2}"
EndProject
Global
	GlobalSection(SolutionConfigurationPlatforms) = preSolution
		Debug|Any CPU = Debug|Any CPU
		Release|Any CPU = Release|Any CPU
	EndGlobalSection
	GlobalSection(ProjectConfigurationPlatforms) = postSolution
		{1359167A-B681-40F6-9C9E-27B92CA6DCC2}.Debug|Any CPU.ActiveCfg = Debug|Any CPU
		{1359167A-B681-40F6-9C9E-27B92CA6DCC2}.Debug|Any CPU.Build.0 = Debug|Any CPU
		{1359167A-B681-40F6-9C9E-27B92CA6DCC2}.Release|Any CPU.ActiveCfg = Release|Any CPU
		{1359167A-B681-40F6-9C9E-27B92CA6DCC2}.Release|Any CPU.Build.0 = Release|Any CPU
	EndGlobalSection
	GlobalSection(SolutionProperties) = preSolution
		HideSolutionNode = FALSE
	EndGlobalSection
	GlobalSection(ExtensibilityGlobals) = postSolution
		SolutionGuid = {ABA2CF63-E29A-44C7-ACD2-57C12720942E}
	EndGlobalSection
EndGlobal
