
Microsoft Visual Studio Solution File, Format Version 12.00
# Visual Studio Version 17
VisualStudioVersion = 17.0.31410.414
MinimumVisualStudioVersion = 10.0.40219.1
Project("{FAE04EC0-301F-11D3-BF4B-00C04F79EFBC}") = "less4Ex2", "less4Ex2\less4Ex2.csproj", "{AF469E41-573F-414F-8120-ABF1219669D3}"
EndProject
Global
	GlobalSection(SolutionConfigurationPlatforms) = preSolution
		Debug|Any CPU = Debug|Any CPU
		Release|Any CPU = Release|Any CPU
	EndGlobalSection
	GlobalSection(ProjectConfigurationPlatforms) = postSolution
		{AF469E41-573F-414F-8120-ABF1219669D3}.Debug|Any CPU.ActiveCfg = Debug|Any CPU
		{AF469E41-573F-414F-8120-ABF1219669D3}.Debug|Any CPU.Build.0 = Debug|Any CPU
		{AF469E41-573F-414F-8120-ABF1219669D3}.Release|Any CPU.ActiveCfg = Release|Any CPU
		{AF469E41-573F-414F-8120-ABF1219669D3}.Release|Any CPU.Build.0 = Release|Any CPU
	EndGlobalSection
	GlobalSection(SolutionProperties) = preSolution
		HideSolutionNode = FALSE
	EndGlobalSection
	GlobalSection(ExtensibilityGlobals) = postSolution
		SolutionGuid = {103DECBB-3C66-4F4D-A90B-8937044A7C6C}
	EndGlobalSection
EndGlobal
